
Microsoft Visual Studio Solution File, Format Version 12.00
# Visual Studio Version 17
VisualStudioVersion = 17.14.36127.28 d17.14
MinimumVisualStudioVersion = 10.0.40219.1
Project("{FAE04EC0-301F-11D3-BF4B-00C04F79EFBC}") = "DSDIIPamonharia", "DSDIIPamonharia\DSDIIPamonharia.csproj", "{6AA53663-7DF7-42F4-ADAD-22E85D9727BD}"
EndProject
Global
	GlobalSection(SolutionConfigurationPlatforms) = preSolution
		Debug|Any CPU = Debug|Any CPU
		Release|Any CPU = Release|Any CPU
	EndGlobalSection
	GlobalSection(ProjectConfigurationPlatforms) = postSolution
		{6AA53663-7DF7-42F4-ADAD-22E85D9727BD}.Debug|Any CPU.ActiveCfg = Debug|Any CPU
		{6AA53663-7DF7-42F4-ADAD-22E85D9727BD}.Debug|Any CPU.Build.0 = Debug|Any CPU
		{6AA53663-7DF7-42F4-ADAD-22E85D9727BD}.Release|Any CPU.ActiveCfg = Release|Any CPU
		{6AA53663-7DF7-42F4-ADAD-22E85D9727BD}.Release|Any CPU.Build.0 = Release|Any CPU
	EndGlobalSection
	GlobalSection(SolutionProperties) = preSolution
		HideSolutionNode = FALSE
	EndGlobalSection
	GlobalSection(ExtensibilityGlobals) = postSolution
		SolutionGuid = {BF6DC1B3-0D45-4751-AFEF-34E6443FC4C8}
	EndGlobalSection
EndGlobal
